
Microsoft Visual Studio Solution File, Format Version 12.00
# Visual Studio 2015
Project("{FAE04EC0-301F-11D3-BF4B-00C04F79EFBC}") = "HackathonProject.CSharp", "HackathonProject.CSharp.csproj", "{1D0BB1E5-AD13-03DC-B3B0-19C33DCCD454}"
EndProject
Project("{FAE04EC0-301F-11D3-BF4B-00C04F79EFBC}") = "HackathonProject.CSharp.Editor", "HackathonProject.CSharp.Editor.csproj", "{A809F119-62F8-4E7C-4AFC-A6ED99D36BC0}"
EndProject
Global
	GlobalSection(SolutionConfigurationPlatforms) = preSolution
		Debug|Any CPU = Debug|Any CPU
		Release|Any CPU = Release|Any CPU
	EndGlobalSection
	GlobalSection(ProjectConfigurationPlatforms) = postSolution
		{1D0BB1E5-AD13-03DC-B3B0-19C33DCCD454}.Debug|Any CPU.ActiveCfg = Debug|Any CPU
		{1D0BB1E5-AD13-03DC-B3B0-19C33DCCD454}.Debug|Any CPU.Build.0 = Debug|Any CPU
		{1D0BB1E5-AD13-03DC-B3B0-19C33DCCD454}.Release|Any CPU.ActiveCfg = Release|Any CPU
		{1D0BB1E5-AD13-03DC-B3B0-19C33DCCD454}.Release|Any CPU.Build.0 = Release|Any CPU
		{A809F119-62F8-4E7C-4AFC-A6ED99D36BC0}.Debug|Any CPU.ActiveCfg = Debug|Any CPU
		{A809F119-62F8-4E7C-4AFC-A6ED99D36BC0}.Debug|Any CPU.Build.0 = Debug|Any CPU
		{A809F119-62F8-4E7C-4AFC-A6ED99D36BC0}.Release|Any CPU.ActiveCfg = Release|Any CPU
		{A809F119-62F8-4E7C-4AFC-A6ED99D36BC0}.Release|Any CPU.Build.0 = Release|Any CPU
	EndGlobalSection
	GlobalSection(SolutionProperties) = preSolution
		HideSolutionNode = FALSE
	EndGlobalSection
EndGlobal
